
Microsoft Visual Studio Solution File, Format Version 12.00
# Visual Studio Version 16
VisualStudioVersion = 16.0.30611.23
MinimumVisualStudioVersion = 10.0.40219.1
Project("{9A19103F-16F7-4668-BE54-9A1E7A4F7556}") = "TaxiService.Web", "TaxiService.Web\TaxiService.Web.csproj", "{4A13B341-26BE-4753-84D3-5BFD7E67626C}"
EndProject
Project("{9A19103F-16F7-4668-BE54-9A1E7A4F7556}") = "TaxiService.Dal", "TaxiService.Dal\TaxiService.Dal.csproj", "{7EA57CBD-04DA-4069-A479-A4B07B8C7CAF}"
EndProject
Project("{9A19103F-16F7-4668-BE54-9A1E7A4F7556}") = "TaxiService.Bll", "TaxiService.Bll\TaxiService.Bll.csproj", "{9C29C1A0-ABDD-4DBC-9302-E4F4790B9E64}"
EndProject
Project("{FAE04EC0-301F-11D3-BF4B-00C04F79EFBC}") = "TaxiService.Dto", "TaxiService.Dto\TaxiService.Dto.csproj", "{4F619773-7F76-475B-B9FF-B2D97963B3C0}"
EndProject
Global
	GlobalSection(SolutionConfigurationPlatforms) = preSolution
		Debug|Any CPU = Debug|Any CPU
		Release|Any CPU = Release|Any CPU
	EndGlobalSection
	GlobalSection(ProjectConfigurationPlatforms) = postSolution
		{4A13B341-26BE-4753-84D3-5BFD7E67626C}.Debug|Any CPU.ActiveCfg = Debug|Any CPU
		{4A13B341-26BE-4753-84D3-5BFD7E67626C}.Debug|Any CPU.Build.0 = Debug|Any CPU
		{4A13B341-26BE-4753-84D3-5BFD7E67626C}.Release|Any CPU.ActiveCfg = Release|Any CPU
		{4A13B341-26BE-4753-84D3-5BFD7E67626C}.Release|Any CPU.Build.0 = Release|Any CPU
		{7EA57CBD-04DA-4069-A479-A4B07B8C7CAF}.Debug|Any CPU.ActiveCfg = Debug|Any CPU
		{7EA57CBD-04DA-4069-A479-A4B07B8C7CAF}.Debug|Any CPU.Build.0 = Debug|Any CPU
		{7EA57CBD-04DA-4069-A479-A4B07B8C7CAF}.Release|Any CPU.ActiveCfg = Release|Any CPU
		{7EA57CBD-04DA-4069-A479-A4B07B8C7CAF}.Release|Any CPU.Build.0 = Release|Any CPU
		{9C29C1A0-ABDD-4DBC-9302-E4F4790B9E64}.Debug|Any CPU.ActiveCfg = Debug|Any CPU
		{9C29C1A0-ABDD-4DBC-9302-E4F4790B9E64}.Debug|Any CPU.Build.0 = Debug|Any CPU
		{9C29C1A0-ABDD-4DBC-9302-E4F4790B9E64}.Release|Any CPU.ActiveCfg = Release|Any CPU
		{9C29C1A0-ABDD-4DBC-9302-E4F4790B9E64}.Release|Any CPU.Build.0 = Release|Any CPU
		{4F619773-7F76-475B-B9FF-B2D97963B3C0}.Debug|Any CPU.ActiveCfg = Debug|Any CPU
		{4F619773-7F76-475B-B9FF-B2D97963B3C0}.Debug|Any CPU.Build.0 = Debug|Any CPU
		{4F619773-7F76-475B-B9FF-B2D97963B3C0}.Release|Any CPU.ActiveCfg = Release|Any CPU
		{4F619773-7F76-475B-B9FF-B2D97963B3C0}.Release|Any CPU.Build.0 = Release|Any CPU
	EndGlobalSection
	GlobalSection(SolutionProperties) = preSolution
		HideSolutionNode = FALSE
	EndGlobalSection
	GlobalSection(ExtensibilityGlobals) = postSolution
		SolutionGuid = {519CF180-6C0C-424B-BE32-95A99BC81228}
	EndGlobalSection
EndGlobal
